<?xml version="1.0" encoding="utf-8"?>
<Project ToolsVersion="4.0" xmlns="http://schemas.microsoft.com/developer/msbuild/2003">
  <ItemGroup>
    <Filter Include="소스 파일">
      <UniqueIdentifier>{4FC737F1-C7A5-4376-A066-2A32D752A2FF}</UniqueIdentifier>
      <Extensions>cpp;c;cc;cxx;c++;cppm;ixx;def;odl;idl;hpj;bat;asm;asmx</Extensions>
    </Filter>
    <Filter Include="헤더 파일">
      <UniqueIdentifier>{93995380-89BD-4b04-88EB-625FBE52EBFB}</UniqueIdentifier>
      <Extensions>h;hh;hpp;hxx;h++;hm;inl;inc;ipp;xsd</Extensions>
    </Filter>
    <Filter Include="리소스 파일">
      <UniqueIdentifier>{67DA6AB6-F800-4c08-8B7A-83BB121AAD01}</UniqueIdentifier>
      <Extensions>rc;ico;cur;bmp;dlg;rc2;rct;bin;rgs;gif;jpg;jpeg;jpe;resx;tiff;tif;png;wav;mfcribbon-ms</Extensions>
    </Filter>
    <Filter Include="Resource">
      <UniqueIdentifier>{a6d4da09-3aa5-4ff3-81e4-beb9f0eeeca9}</UniqueIdentifier>
    </Filter>
    <Filter Include="소스 파일\00.main">
      <UniqueIdentifier>{598857e1-2043-4066-a6d6-3da3510596b9}</UniqueIdentifier>
    </Filter>
    <Filter Include="소스 파일\02.src">
      <UniqueIdentifier>{1d10743a-b4b4-472b-bdbf-72ebeab27714}</UniqueIdentifier>
    </Filter>
    <Filter Include="소스 파일\99.Hader">
      <UniqueIdentifier>{b9276265-a554-4088-be74-fef1b2163e90}</UniqueIdentifier>
    </Filter>
    <Filter Include="소스 파일\03.manager">
      <UniqueIdentifier>{122f5d27-b1c5-482e-882e-dc8956f22f70}</UniqueIdentifier>
    </Filter>
    <Filter Include="소스 파일\03.manager\cpp">
      <UniqueIdentifier>{8cc45d5a-9113-4305-83a9-2c0ec6a0ae95}</UniqueIdentifier>
    </Filter>
    <Filter Include="소스 파일\03.manager\hader">
      <UniqueIdentifier>{b8ab6534-81f3-49b0-a638-4ff3a050c275}</UniqueIdentifier>
    </Filter>
    <Filter Include="소스 파일\04.scene">
      <UniqueIdentifier>{87d250ba-4b8a-457b-8ccf-dafb11d26dfa}</UniqueIdentifier>
    </Filter>
    <Filter Include="소스 파일\05.object">
      <UniqueIdentifier>{2bd2107d-d6bc-4ee1-823d-45c96e6f9d86}</UniqueIdentifier>
    </Filter>
    <Filter Include="소스 파일\06.Component">
      <UniqueIdentifier>{61a0389a-c29a-423c-a49f-da8cc53cb99f}</UniqueIdentifier>
    </Filter>
  </ItemGroup>
  <ItemGroup>
    <ClInclude Include="Game.h">
      <Filter>소스 파일\99.Hader</Filter>
    </ClInclude>
    <ClInclude Include="resource.h">
      <Filter>헤더 파일</Filter>
    </ClInclude>
    <ClInclude Include="targetver.h">
      <Filter>헤더 파일</Filter>
    </ClInclude>
    <ClInclude Include="Fpoint.h">
      <Filter>소스 파일\99.Hader</Filter>
    </ClInclude>
    <ClInclude Include="sceneManager.h">
      <Filter>소스 파일\03.manager\hader</Filter>
    </ClInclude>
    <ClInclude Include="InputManager.h">
      <Filter>소스 파일\03.manager\hader</Filter>
    </ClInclude>
    <ClInclude Include="TimeManager.h">
      <Filter>소스 파일\03.manager\hader</Filter>
    </ClInclude>
    <ClInclude Include="DevScene.h">
      <Filter>소스 파일\04.scene</Filter>
    </ClInclude>
    <ClInclude Include="GameScene.h">
      <Filter>소스 파일\04.scene</Filter>
    </ClInclude>
    <ClInclude Include="Scene.h">
      <Filter>소스 파일\04.scene</Filter>
    </ClInclude>
    <ClInclude Include="object.h">
      <Filter>소스 파일\05.object</Filter>
    </ClInclude>
    <ClInclude Include="Player.h">
      <Filter>소스 파일\05.object</Filter>
    </ClInclude>
    <ClInclude Include="ObjectManager.h">
      <Filter>소스 파일\03.manager\hader</Filter>
    </ClInclude>
    <ClInclude Include="Vector.h">
      <Filter>소스 파일\99.Hader</Filter>
    </ClInclude>
    <ClInclude Include="pch.h">
      <Filter>소스 파일\00.main</Filter>
    </ClInclude>
    <ClInclude Include="Component.h">
      <Filter>소스 파일\06.Component</Filter>
    </ClInclude>
    <ClInclude Include="Camera.h">
      <Filter>소스 파일\06.Component</Filter>
    </ClInclude>
    <ClInclude Include="Leveleditor.h">
      <Filter>소스 파일\99.Hader</Filter>
    </ClInclude>
  </ItemGroup>
  <ItemGroup>
    <ClCompile Include="pch.cpp">
      <Filter>소스 파일\02.src</Filter>
    </ClCompile>
    <ClCompile Include="main.cpp">
      <Filter>소스 파일\00.main</Filter>
    </ClCompile>
    <ClCompile Include="InputManager.cpp">
      <Filter>소스 파일\03.manager\cpp</Filter>
    </ClCompile>
    <ClCompile Include="TimeManager.cpp">
      <Filter>소스 파일\03.manager\cpp</Filter>
    </ClCompile>
    <ClCompile Include="DevScene.cpp">
      <Filter>소스 파일\04.scene</Filter>
    </ClCompile>
    <ClCompile Include="GameScene.cpp">
      <Filter>소스 파일\04.scene</Filter>
    </ClCompile>
    <ClCompile Include="Scene.cpp">
      <Filter>소스 파일\04.scene</Filter>
    </ClCompile>
    <ClCompile Include="Game.cpp">
      <Filter>소스 파일\02.src</Filter>
    </ClCompile>
    <ClCompile Include="Leveleditor.cpp">
      <Filter>소스 파일\99.Hader</Filter>
    </ClCompile>
  </ItemGroup>
  <ItemGroup>
    <Image Include="small.ico">
      <Filter>리소스 파일</Filter>
    </Image>
    <Image Include="WindowsProject2.ico">
      <Filter>리소스 파일</Filter>
    </Image>
  </ItemGroup>
  <ItemGroup>
    <ResourceCompile Include="WindowsProject2.rc">
      <Filter>리소스 파일</Filter>
    </ResourceCompile>
  </ItemGroup>
</Project>